
Microsoft Visual Studio Solution File, Format Version 12.00
# Visual Studio Version 17
VisualStudioVersion = 17.13.35828.75 d17.13
MinimumVisualStudioVersion = 10.0.40219.1
Project("{FAE04EC0-301F-11D3-BF4B-00C04F79EFBC}") = "Biding management System", "Biding management System\Biding management System.csproj", "{239D1636-29DE-4844-9EDA-124AFD466894}"
EndProject
Global
	GlobalSection(SolutionConfigurationPlatforms) = preSolution
		Debug|Any CPU = Debug|Any CPU
		Release|Any CPU = Release|Any CPU
	EndGlobalSection
	GlobalSection(ProjectConfigurationPlatforms) = postSolution
		{239D1636-29DE-4844-9EDA-124AFD466894}.Debug|Any CPU.ActiveCfg = Debug|Any CPU
		{239D1636-29DE-4844-9EDA-124AFD466894}.Debug|Any CPU.Build.0 = Debug|Any CPU
		{239D1636-29DE-4844-9EDA-124AFD466894}.Release|Any CPU.ActiveCfg = Release|Any CPU
		{239D1636-29DE-4844-9EDA-124AFD466894}.Release|Any CPU.Build.0 = Release|Any CPU
	EndGlobalSection
	GlobalSection(SolutionProperties) = preSolution
		HideSolutionNode = FALSE
	EndGlobalSection
	GlobalSection(ExtensibilityGlobals) = postSolution
		SolutionGuid = {24E9BF17-F722-4132-BE39-AB054F5DF755}
	EndGlobalSection
EndGlobal
